
Microsoft Visual Studio Solution File, Format Version 12.00
# Visual Studio Version 17
VisualStudioVersion = 17.4.33122.133
MinimumVisualStudioVersion = 10.0.40219.1
Project("{FAE04EC0-301F-11D3-BF4B-00C04F79EFBC}") = "Access modifiers 2, Datetime", "Access modifiers 2, Datetime\Access modifiers 2, Datetime.csproj", "{703FF462-907A-40CE-8A85-253A2D166C92}"
EndProject
Global
	GlobalSection(SolutionConfigurationPlatforms) = preSolution
		Debug|Any CPU = Debug|Any CPU
		Release|Any CPU = Release|Any CPU
	EndGlobalSection
	GlobalSection(ProjectConfigurationPlatforms) = postSolution
		{703FF462-907A-40CE-8A85-253A2D166C92}.Debug|Any CPU.ActiveCfg = Debug|Any CPU
		{703FF462-907A-40CE-8A85-253A2D166C92}.Debug|Any CPU.Build.0 = Debug|Any CPU
		{703FF462-907A-40CE-8A85-253A2D166C92}.Release|Any CPU.ActiveCfg = Release|Any CPU
		{703FF462-907A-40CE-8A85-253A2D166C92}.Release|Any CPU.Build.0 = Release|Any CPU
	EndGlobalSection
	GlobalSection(SolutionProperties) = preSolution
		HideSolutionNode = FALSE
	EndGlobalSection
	GlobalSection(ExtensibilityGlobals) = postSolution
		SolutionGuid = {847A05BC-D00E-4D5B-96FC-1ED9063745C5}
	EndGlobalSection
EndGlobal
